
Microsoft Visual Studio Solution File, Format Version 12.00
# Visual Studio Version 17
VisualStudioVersion = 17.8.34511.84
MinimumVisualStudioVersion = 10.0.40219.1
Project("{FAE04EC0-301F-11D3-BF4B-00C04F79EFBC}") = "EjercicioInterfaces", "EjercicioInterfaces\EjercicioInterfaces.csproj", "{BEA23A4D-35BB-4265-914F-82C5A8CC5B19}"
EndProject
Global
	GlobalSection(SolutionConfigurationPlatforms) = preSolution
		Debug|Any CPU = Debug|Any CPU
		Release|Any CPU = Release|Any CPU
	EndGlobalSection
	GlobalSection(ProjectConfigurationPlatforms) = postSolution
		{BEA23A4D-35BB-4265-914F-82C5A8CC5B19}.Debug|Any CPU.ActiveCfg = Debug|Any CPU
		{BEA23A4D-35BB-4265-914F-82C5A8CC5B19}.Debug|Any CPU.Build.0 = Debug|Any CPU
		{BEA23A4D-35BB-4265-914F-82C5A8CC5B19}.Release|Any CPU.ActiveCfg = Release|Any CPU
		{BEA23A4D-35BB-4265-914F-82C5A8CC5B19}.Release|Any CPU.Build.0 = Release|Any CPU
	EndGlobalSection
	GlobalSection(SolutionProperties) = preSolution
		HideSolutionNode = FALSE
	EndGlobalSection
	GlobalSection(ExtensibilityGlobals) = postSolution
		SolutionGuid = {B7458CFA-83E3-4FE1-BEC7-5D7EBAFE429C}
	EndGlobalSection
EndGlobal
